{
  "name": "aesync",
  "version": "1.0.0",
  "lockfileVersion": 1,
  "requires": true,
  "dependencies": {
    "async-each": {
      "version": "1.0.1",
      "resolved": "https://registry.npmjs.org/async-each/-/async-each-1.0.1.tgz",
      "integrity": "sha1-GdOGodntxufByF04iu28xW0zYC0="
    },
    "ignore": {
      "version": "3.3.10",
      "resolved": "https://registry.npmjs.org/ignore/-/ignore-3.3.10.tgz",
      "integrity": "sha512-Pgs951kaMm5GXP7MOvxERINe3gsaVjUWFm+UZPSq9xYriQAksyhg0csnS0KXSNRD5NmNdapXEpjxG49+AKh/ug=="
    },
    "md5-dir": {
      "version": "0.2.0",
      "resolved": "https://registry.npmjs.org/md5-dir/-/md5-dir-0.2.0.tgz",
      "integrity": "sha512-hZ7nEcG1PXQph98ELAEC3SArDiNQLgeIPAGHtMawVOD0Lxmbpj3L9yRUEk5TpaImh9KiiSNv8M0ddI7Gcv6xyA==",
      "requires": {
        "async-each": "^1.0.1",
        "ignore": "^3.3.7",
        "md5-file": "^4.0.0"
      }
    },
    "md5-file": {
      "version": "4.0.0",
      "resolved": "https://registry.npmjs.org/md5-file/-/md5-file-4.0.0.tgz",
      "integrity": "sha512-UC0qFwyAjn4YdPpKaDNw6gNxRf7Mcx7jC1UGCY4boCzgvU2Aoc1mOGzTtrjjLKhM5ivsnhoKpQVxKPp+1j1qwg=="
    }
  }
}
